github.com/deneonet/benc v1.1.8 h1:Qk9diyH0UcnduvCrZ62mBrwUeSZzte4kQxMbclVdhW4=
github.com/deneonet/benc v1.1.8/go.mod h1:UCfkM5Od0B2huwv/ZItvtUb7QnALFt9YXtX8NXX4Lts=
github.com/hashicorp/vault v1.19.4 h1:wQKoeYAOcap/n3igwtzR7TI7teqnEmizbxTgPhrwfIY=
github.com/hashicorp/vault v1.19.4/go.mod h1:2EJNeEE5TTxlKgsDOwvatquOQSd7xCb+pADzIIpHjH0=
golang.org/x/exp v0.0.0-20240719175910-8a7402abbf56 h1:2dVuKD2vS7b0QIHQbpyTISPd0LeHDbnYEryqj5Q1ug8=
golang.org/x/exp v0.0.0-20240719175910-8a7402abbf56/go.mod h1:M4RDyNAINzryxdtnbRXRL/OHtkFuWGRjvuhBJpk2IlY=
